
Microsoft Visual Studio Solution File, Format Version 12.00
# Visual Studio Version 16
VisualStudioVersion = 16.0.32228.343
MinimumVisualStudioVersion = 10.0.40219.1
Project("{FAE04EC0-301F-11D3-BF4B-00C04F79EFBC}") = "microCalcium", "microCalcium.csproj", "{54A8AECE-7183-4286-9228-CB8138527147}"
EndProject
Global
	GlobalSection(SolutionConfigurationPlatforms) = preSolution
		Debug|Any CPU = Debug|Any CPU
		Release|Any CPU = Release|Any CPU
	EndGlobalSection
	GlobalSection(ProjectConfigurationPlatforms) = postSolution
		{54A8AECE-7183-4286-9228-CB8138527147}.Debug|Any CPU.ActiveCfg = Debug|Any CPU
		{54A8AECE-7183-4286-9228-CB8138527147}.Debug|Any CPU.Build.0 = Debug|Any CPU
		{54A8AECE-7183-4286-9228-CB8138527147}.Release|Any CPU.ActiveCfg = Release|Any CPU
		{54A8AECE-7183-4286-9228-CB8138527147}.Release|Any CPU.Build.0 = Release|Any CPU
	EndGlobalSection
	GlobalSection(SolutionProperties) = preSolution
		HideSolutionNode = FALSE
	EndGlobalSection
	GlobalSection(ExtensibilityGlobals) = postSolution
		SolutionGuid = {9D64A642-6C1D-4814-9DEE-280ADE029B89}
	EndGlobalSection
EndGlobal
